
Microsoft Visual Studio Solution File, Format Version 12.00
# Visual Studio Version 17
VisualStudioVersion = 17.2.32602.215
MinimumVisualStudioVersion = 10.0.40219.1
Project("{FAE04EC0-301F-11D3-BF4B-00C04F79EFBC}") = "Yarv.Controller", "Yarv.Controller\Yarv.Controller.csproj", "{5AFE1648-32A3-4107-A296-2577CF9C545E}"
EndProject
Global
	GlobalSection(SolutionConfigurationPlatforms) = preSolution
		Debug|Any CPU = Debug|Any CPU
		Release|Any CPU = Release|Any CPU
	EndGlobalSection
	GlobalSection(ProjectConfigurationPlatforms) = postSolution
		{5AFE1648-32A3-4107-A296-2577CF9C545E}.Debug|Any CPU.ActiveCfg = Debug|Any CPU
		{5AFE1648-32A3-4107-A296-2577CF9C545E}.Debug|Any CPU.Build.0 = Debug|Any CPU
		{5AFE1648-32A3-4107-A296-2577CF9C545E}.Debug|Any CPU.Deploy.0 = Debug|Any CPU
		{5AFE1648-32A3-4107-A296-2577CF9C545E}.Release|Any CPU.ActiveCfg = Release|Any CPU
		{5AFE1648-32A3-4107-A296-2577CF9C545E}.Release|Any CPU.Build.0 = Release|Any CPU
		{5AFE1648-32A3-4107-A296-2577CF9C545E}.Release|Any CPU.Deploy.0 = Release|Any CPU
	EndGlobalSection
	GlobalSection(SolutionProperties) = preSolution
		HideSolutionNode = FALSE
	EndGlobalSection
	GlobalSection(ExtensibilityGlobals) = postSolution
		SolutionGuid = {DBF223FE-ECA6-42E5-A780-ED116B852E17}
	EndGlobalSection
EndGlobal
